
Microsoft Visual Studio Solution File, Format Version 12.00
# Visual Studio Version 17
VisualStudioVersion = 17.3.32922.545
MinimumVisualStudioVersion = 10.0.40219.1
Project("{FAE04EC0-301F-11D3-BF4B-00C04F79EFBC}") = "Exam", "Exam.csproj", "{AA9184D9-F020-4C68-A869-3943C24F7F92}"
EndProject
Project("{FAE04EC0-301F-11D3-BF4B-00C04F79EFBC}") = "Exercice1", "..\Exercice1\Exercice1.csproj", "{78C84ADA-15EA-4F07-9C1C-537A4B8FFD49}"
EndProject
Project("{FAE04EC0-301F-11D3-BF4B-00C04F79EFBC}") = "GestionPersonnel", "..\GestionPersonnel\GestionPersonnel.csproj", "{12C02F3E-F0AF-4CE3-9985-82F2AAE6E5E8}"
EndProject
Project("{FAE04EC0-301F-11D3-BF4B-00C04F79EFBC}") = "EX1", "..\EX1\EX1.csproj", "{B46FB794-C2B6-4769-AFB7-7DCC20D64B3B}"
EndProject
Project("{FAE04EC0-301F-11D3-BF4B-00C04F79EFBC}") = "GestionEntreprise", "..\GestionEntreprise\GestionEntreprise.csproj", "{B670F01F-F4C1-42E6-AA4B-CD0F69BC9614}"
EndProject
Global
	GlobalSection(SolutionConfigurationPlatforms) = preSolution
		Debug|Any CPU = Debug|Any CPU
		Release|Any CPU = Release|Any CPU
	EndGlobalSection
	GlobalSection(ProjectConfigurationPlatforms) = postSolution
		{AA9184D9-F020-4C68-A869-3943C24F7F92}.Debug|Any CPU.ActiveCfg = Debug|Any CPU
		{AA9184D9-F020-4C68-A869-3943C24F7F92}.Debug|Any CPU.Build.0 = Debug|Any CPU
		{AA9184D9-F020-4C68-A869-3943C24F7F92}.Release|Any CPU.ActiveCfg = Release|Any CPU
		{AA9184D9-F020-4C68-A869-3943C24F7F92}.Release|Any CPU.Build.0 = Release|Any CPU
		{78C84ADA-15EA-4F07-9C1C-537A4B8FFD49}.Debug|Any CPU.ActiveCfg = Debug|Any CPU
		{78C84ADA-15EA-4F07-9C1C-537A4B8FFD49}.Debug|Any CPU.Build.0 = Debug|Any CPU
		{78C84ADA-15EA-4F07-9C1C-537A4B8FFD49}.Release|Any CPU.ActiveCfg = Release|Any CPU
		{78C84ADA-15EA-4F07-9C1C-537A4B8FFD49}.Release|Any CPU.Build.0 = Release|Any CPU
		{12C02F3E-F0AF-4CE3-9985-82F2AAE6E5E8}.Debug|Any CPU.ActiveCfg = Debug|Any CPU
		{12C02F3E-F0AF-4CE3-9985-82F2AAE6E5E8}.Debug|Any CPU.Build.0 = Debug|Any CPU
		{12C02F3E-F0AF-4CE3-9985-82F2AAE6E5E8}.Release|Any CPU.ActiveCfg = Release|Any CPU
		{12C02F3E-F0AF-4CE3-9985-82F2AAE6E5E8}.Release|Any CPU.Build.0 = Release|Any CPU
		{B46FB794-C2B6-4769-AFB7-7DCC20D64B3B}.Debug|Any CPU.ActiveCfg = Debug|Any CPU
		{B46FB794-C2B6-4769-AFB7-7DCC20D64B3B}.Debug|Any CPU.Build.0 = Debug|Any CPU
		{B46FB794-C2B6-4769-AFB7-7DCC20D64B3B}.Release|Any CPU.ActiveCfg = Release|Any CPU
		{B46FB794-C2B6-4769-AFB7-7DCC20D64B3B}.Release|Any CPU.Build.0 = Release|Any CPU
		{B670F01F-F4C1-42E6-AA4B-CD0F69BC9614}.Debug|Any CPU.ActiveCfg = Debug|Any CPU
		{B670F01F-F4C1-42E6-AA4B-CD0F69BC9614}.Debug|Any CPU.Build.0 = Debug|Any CPU
		{B670F01F-F4C1-42E6-AA4B-CD0F69BC9614}.Release|Any CPU.ActiveCfg = Release|Any CPU
		{B670F01F-F4C1-42E6-AA4B-CD0F69BC9614}.Release|Any CPU.Build.0 = Release|Any CPU
	EndGlobalSection
	GlobalSection(SolutionProperties) = preSolution
		HideSolutionNode = FALSE
	EndGlobalSection
	GlobalSection(ExtensibilityGlobals) = postSolution
		SolutionGuid = {055C8362-36BC-4858-8C0F-30607A7EB3BF}
	EndGlobalSection
EndGlobal
